
Microsoft Visual Studio Solution File, Format Version 12.00
# Visual Studio Version 17
VisualStudioVersion = 17.6.33712.159
MinimumVisualStudioVersion = 10.0.40219.1
Project("{FAE04EC0-301F-11D3-BF4B-00C04F79EFBC}") = "Работа_CS_501", "Работа_CS_501\Работа_CS_501.csproj", "{AFBDE5C9-454F-4423-BDA3-4179C9EC084B}"
EndProject
Global
	GlobalSection(SolutionConfigurationPlatforms) = preSolution
		Debug|Any CPU = Debug|Any CPU
		Release|Any CPU = Release|Any CPU
	EndGlobalSection
	GlobalSection(ProjectConfigurationPlatforms) = postSolution
		{AFBDE5C9-454F-4423-BDA3-4179C9EC084B}.Debug|Any CPU.ActiveCfg = Debug|Any CPU
		{AFBDE5C9-454F-4423-BDA3-4179C9EC084B}.Debug|Any CPU.Build.0 = Debug|Any CPU
		{AFBDE5C9-454F-4423-BDA3-4179C9EC084B}.Release|Any CPU.ActiveCfg = Release|Any CPU
		{AFBDE5C9-454F-4423-BDA3-4179C9EC084B}.Release|Any CPU.Build.0 = Release|Any CPU
	EndGlobalSection
	GlobalSection(SolutionProperties) = preSolution
		HideSolutionNode = FALSE
	EndGlobalSection
	GlobalSection(ExtensibilityGlobals) = postSolution
		SolutionGuid = {3AE5C501-ADC4-40B4-8D0E-88300FB8E144}
	EndGlobalSection
EndGlobal
